
Microsoft Visual Studio Solution File, Format Version 12.00
# Visual Studio Version 17
VisualStudioVersion = 17.13.35931.197
MinimumVisualStudioVersion = 10.0.40219.1
Project("{FAE04EC0-301F-11D3-BF4B-00C04F79EFBC}") = "AuctionService", "AuctionService\AuctionService.csproj", "{59A8395D-9182-4D10-A005-9065A114191D}"
EndProject
Project("{FAE04EC0-301F-11D3-BF4B-00C04F79EFBC}") = "SearchService", "SearchService\SearchService.csproj", "{DBEC6EB6-F2F3-4C2D-9C43-E51D7CFFF6F8}"
EndProject
Project("{FAE04EC0-301F-11D3-BF4B-00C04F79EFBC}") = "Contracts", "Contracts\Contracts.csproj", "{025A00B0-C3D6-4E8A-B12D-9270FF85350E}"
EndProject
Project("{FAE04EC0-301F-11D3-BF4B-00C04F79EFBC}") = "IdentityService", "IdentityService\IdentityService.csproj", "{0FEF54D6-1E74-45EB-9951-F97DFF19B012}"
EndProject
Project("{FAE04EC0-301F-11D3-BF4B-00C04F79EFBC}") = "GatewayService", "GatewayService\GatewayService.csproj", "{E7B49B57-C781-49A7-9A54-0A4F6CCD98B7}"
EndProject
Global
	GlobalSection(SolutionConfigurationPlatforms) = preSolution
		Debug|Any CPU = Debug|Any CPU
		Debug|x64 = Debug|x64
		Debug|x86 = Debug|x86
		Release|Any CPU = Release|Any CPU
		Release|x64 = Release|x64
		Release|x86 = Release|x86
	EndGlobalSection
	GlobalSection(ProjectConfigurationPlatforms) = postSolution
		{59A8395D-9182-4D10-A005-9065A114191D}.Debug|Any CPU.ActiveCfg = Debug|Any CPU
		{59A8395D-9182-4D10-A005-9065A114191D}.Debug|Any CPU.Build.0 = Debug|Any CPU
		{59A8395D-9182-4D10-A005-9065A114191D}.Debug|x64.ActiveCfg = Debug|Any CPU
		{59A8395D-9182-4D10-A005-9065A114191D}.Debug|x64.Build.0 = Debug|Any CPU
		{59A8395D-9182-4D10-A005-9065A114191D}.Debug|x86.ActiveCfg = Debug|Any CPU
		{59A8395D-9182-4D10-A005-9065A114191D}.Debug|x86.Build.0 = Debug|Any CPU
		{59A8395D-9182-4D10-A005-9065A114191D}.Release|Any CPU.ActiveCfg = Release|Any CPU
		{59A8395D-9182-4D10-A005-9065A114191D}.Release|Any CPU.Build.0 = Release|Any CPU
		{59A8395D-9182-4D10-A005-9065A114191D}.Release|x64.ActiveCfg = Release|Any CPU
		{59A8395D-9182-4D10-A005-9065A114191D}.Release|x64.Build.0 = Release|Any CPU
		{59A8395D-9182-4D10-A005-9065A114191D}.Release|x86.ActiveCfg = Release|Any CPU
		{59A8395D-9182-4D10-A005-9065A114191D}.Release|x86.Build.0 = Release|Any CPU
		{DBEC6EB6-F2F3-4C2D-9C43-E51D7CFFF6F8}.Debug|Any CPU.ActiveCfg = Debug|Any CPU
		{DBEC6EB6-F2F3-4C2D-9C43-E51D7CFFF6F8}.Debug|Any CPU.Build.0 = Debug|Any CPU
		{DBEC6EB6-F2F3-4C2D-9C43-E51D7CFFF6F8}.Debug|x64.ActiveCfg = Debug|Any CPU
		{DBEC6EB6-F2F3-4C2D-9C43-E51D7CFFF6F8}.Debug|x64.Build.0 = Debug|Any CPU
		{DBEC6EB6-F2F3-4C2D-9C43-E51D7CFFF6F8}.Debug|x86.ActiveCfg = Debug|Any CPU
		{DBEC6EB6-F2F3-4C2D-9C43-E51D7CFFF6F8}.Debug|x86.Build.0 = Debug|Any CPU
		{DBEC6EB6-F2F3-4C2D-9C43-E51D7CFFF6F8}.Release|Any CPU.ActiveCfg = Release|Any CPU
		{DBEC6EB6-F2F3-4C2D-9C43-E51D7CFFF6F8}.Release|Any CPU.Build.0 = Release|Any CPU
		{DBEC6EB6-F2F3-4C2D-9C43-E51D7CFFF6F8}.Release|x64.ActiveCfg = Release|Any CPU
		{DBEC6EB6-F2F3-4C2D-9C43-E51D7CFFF6F8}.Release|x64.Build.0 = Release|Any CPU
		{DBEC6EB6-F2F3-4C2D-9C43-E51D7CFFF6F8}.Release|x86.ActiveCfg = Release|Any CPU
		{DBEC6EB6-F2F3-4C2D-9C43-E51D7CFFF6F8}.Release|x86.Build.0 = Release|Any CPU
		{025A00B0-C3D6-4E8A-B12D-9270FF85350E}.Debug|Any CPU.ActiveCfg = Debug|Any CPU
		{025A00B0-C3D6-4E8A-B12D-9270FF85350E}.Debug|Any CPU.Build.0 = Debug|Any CPU
		{025A00B0-C3D6-4E8A-B12D-9270FF85350E}.Debug|x64.ActiveCfg = Debug|Any CPU
		{025A00B0-C3D6-4E8A-B12D-9270FF85350E}.Debug|x64.Build.0 = Debug|Any CPU
		{025A00B0-C3D6-4E8A-B12D-9270FF85350E}.Debug|x86.ActiveCfg = Debug|Any CPU
		{025A00B0-C3D6-4E8A-B12D-9270FF85350E}.Debug|x86.Build.0 = Debug|Any CPU
		{025A00B0-C3D6-4E8A-B12D-9270FF85350E}.Release|Any CPU.ActiveCfg = Release|Any CPU
		{025A00B0-C3D6-4E8A-B12D-9270FF85350E}.Release|Any CPU.Build.0 = Release|Any CPU
		{025A00B0-C3D6-4E8A-B12D-9270FF85350E}.Release|x64.ActiveCfg = Release|Any CPU
		{025A00B0-C3D6-4E8A-B12D-9270FF85350E}.Release|x64.Build.0 = Release|Any CPU
		{025A00B0-C3D6-4E8A-B12D-9270FF85350E}.Release|x86.ActiveCfg = Release|Any CPU
		{025A00B0-C3D6-4E8A-B12D-9270FF85350E}.Release|x86.Build.0 = Release|Any CPU
		{0FEF54D6-1E74-45EB-9951-F97DFF19B012}.Debug|Any CPU.ActiveCfg = Debug|Any CPU
		{0FEF54D6-1E74-45EB-9951-F97DFF19B012}.Debug|Any CPU.Build.0 = Debug|Any CPU
		{0FEF54D6-1E74-45EB-9951-F97DFF19B012}.Debug|x64.ActiveCfg = Debug|Any CPU
		{0FEF54D6-1E74-45EB-9951-F97DFF19B012}.Debug|x64.Build.0 = Debug|Any CPU
		{0FEF54D6-1E74-45EB-9951-F97DFF19B012}.Debug|x86.ActiveCfg = Debug|Any CPU
		{0FEF54D6-1E74-45EB-9951-F97DFF19B012}.Debug|x86.Build.0 = Debug|Any CPU
		{0FEF54D6-1E74-45EB-9951-F97DFF19B012}.Release|Any CPU.ActiveCfg = Release|Any CPU
		{0FEF54D6-1E74-45EB-9951-F97DFF19B012}.Release|Any CPU.Build.0 = Release|Any CPU
		{0FEF54D6-1E74-45EB-9951-F97DFF19B012}.Release|x64.ActiveCfg = Release|Any CPU
		{0FEF54D6-1E74-45EB-9951-F97DFF19B012}.Release|x64.Build.0 = Release|Any CPU
		{0FEF54D6-1E74-45EB-9951-F97DFF19B012}.Release|x86.ActiveCfg = Release|Any CPU
		{0FEF54D6-1E74-45EB-9951-F97DFF19B012}.Release|x86.Build.0 = Release|Any CPU
		{E7B49B57-C781-49A7-9A54-0A4F6CCD98B7}.Debug|Any CPU.ActiveCfg = Debug|Any CPU
		{E7B49B57-C781-49A7-9A54-0A4F6CCD98B7}.Debug|Any CPU.Build.0 = Debug|Any CPU
		{E7B49B57-C781-49A7-9A54-0A4F6CCD98B7}.Debug|x64.ActiveCfg = Debug|Any CPU
		{E7B49B57-C781-49A7-9A54-0A4F6CCD98B7}.Debug|x64.Build.0 = Debug|Any CPU
		{E7B49B57-C781-49A7-9A54-0A4F6CCD98B7}.Debug|x86.ActiveCfg = Debug|Any CPU
		{E7B49B57-C781-49A7-9A54-0A4F6CCD98B7}.Debug|x86.Build.0 = Debug|Any CPU
		{E7B49B57-C781-49A7-9A54-0A4F6CCD98B7}.Release|Any CPU.ActiveCfg = Release|Any CPU
		{E7B49B57-C781-49A7-9A54-0A4F6CCD98B7}.Release|Any CPU.Build.0 = Release|Any CPU
		{E7B49B57-C781-49A7-9A54-0A4F6CCD98B7}.Release|x64.ActiveCfg = Release|Any CPU
		{E7B49B57-C781-49A7-9A54-0A4F6CCD98B7}.Release|x64.Build.0 = Release|Any CPU
		{E7B49B57-C781-49A7-9A54-0A4F6CCD98B7}.Release|x86.ActiveCfg = Release|Any CPU
		{E7B49B57-C781-49A7-9A54-0A4F6CCD98B7}.Release|x86.Build.0 = Release|Any CPU
	EndGlobalSection
	GlobalSection(SolutionProperties) = preSolution
		HideSolutionNode = FALSE
	EndGlobalSection
	GlobalSection(ExtensibilityGlobals) = postSolution
		SolutionGuid = {A84819DD-5512-448E-905C-8BD9D298D566}
	EndGlobalSection
EndGlobal
